
Microsoft Visual Studio Solution File, Format Version 12.00
# Visual Studio Version 16
VisualStudioVersion = 16.0.30406.217
MinimumVisualStudioVersion = 10.0.40219.1
Project("{9A19103F-16F7-4668-BE54-9A1E7A4F7556}") = "NotificationCenter", "NotificationCenter\NotificationCenter.csproj", "{A69AE832-A536-494E-9AB2-72B833922EA7}"
	ProjectSection(ProjectDependencies) = postProject
		{AD987157-5C6E-4D2E-AD3B-CD1800E12379} = {AD987157-5C6E-4D2E-AD3B-CD1800E12379}
		{6407757B-5C9B-4666-B89B-B2D121F2FCEB} = {6407757B-5C9B-4666-B89B-B2D121F2FCEB}
		{3017A0D2-AC3F-434D-B661-96A17C926771} = {3017A0D2-AC3F-434D-B661-96A17C926771}
	EndProjectSection
EndProject
Project("{9A19103F-16F7-4668-BE54-9A1E7A4F7556}") = "NotificationCenter.Inputs", "NotificationCenter.Inputs\NotificationCenter.Inputs.csproj", "{6A5F57D6-AE80-46F0-A1A9-32F299B8619E}"
EndProject
Project("{9A19103F-16F7-4668-BE54-9A1E7A4F7556}") = "NotificationCenter.Provider", "NotificationCenter.PostProvider\NotificationCenter.Provider.csproj", "{3017A0D2-AC3F-434D-B661-96A17C926771}"
EndProject
Project("{9A19103F-16F7-4668-BE54-9A1E7A4F7556}") = "NotificationCenter.PayloadParser", "PayloadParser\NotificationCenter.PayloadParser.csproj", "{AD987157-5C6E-4D2E-AD3B-CD1800E12379}"
EndProject
Project("{9A19103F-16F7-4668-BE54-9A1E7A4F7556}") = "NotificationCenter.Dao", "NotificationCenter.Dao\NotificationCenter.Dao.csproj", "{6407757B-5C9B-4666-B89B-B2D121F2FCEB}"
EndProject
Global
	GlobalSection(SolutionConfigurationPlatforms) = preSolution
		Debug|Any CPU = Debug|Any CPU
		Release|Any CPU = Release|Any CPU
	EndGlobalSection
	GlobalSection(ProjectConfigurationPlatforms) = postSolution
		{A69AE832-A536-494E-9AB2-72B833922EA7}.Debug|Any CPU.ActiveCfg = Debug|Any CPU
		{A69AE832-A536-494E-9AB2-72B833922EA7}.Debug|Any CPU.Build.0 = Debug|Any CPU
		{A69AE832-A536-494E-9AB2-72B833922EA7}.Release|Any CPU.ActiveCfg = Release|Any CPU
		{A69AE832-A536-494E-9AB2-72B833922EA7}.Release|Any CPU.Build.0 = Release|Any CPU
		{6A5F57D6-AE80-46F0-A1A9-32F299B8619E}.Debug|Any CPU.ActiveCfg = Debug|Any CPU
		{6A5F57D6-AE80-46F0-A1A9-32F299B8619E}.Debug|Any CPU.Build.0 = Debug|Any CPU
		{6A5F57D6-AE80-46F0-A1A9-32F299B8619E}.Release|Any CPU.ActiveCfg = Release|Any CPU
		{6A5F57D6-AE80-46F0-A1A9-32F299B8619E}.Release|Any CPU.Build.0 = Release|Any CPU
		{3017A0D2-AC3F-434D-B661-96A17C926771}.Debug|Any CPU.ActiveCfg = Debug|Any CPU
		{3017A0D2-AC3F-434D-B661-96A17C926771}.Debug|Any CPU.Build.0 = Debug|Any CPU
		{3017A0D2-AC3F-434D-B661-96A17C926771}.Release|Any CPU.ActiveCfg = Release|Any CPU
		{3017A0D2-AC3F-434D-B661-96A17C926771}.Release|Any CPU.Build.0 = Release|Any CPU
		{AD987157-5C6E-4D2E-AD3B-CD1800E12379}.Debug|Any CPU.ActiveCfg = Debug|Any CPU
		{AD987157-5C6E-4D2E-AD3B-CD1800E12379}.Debug|Any CPU.Build.0 = Debug|Any CPU
		{AD987157-5C6E-4D2E-AD3B-CD1800E12379}.Release|Any CPU.ActiveCfg = Release|Any CPU
		{AD987157-5C6E-4D2E-AD3B-CD1800E12379}.Release|Any CPU.Build.0 = Release|Any CPU
		{6407757B-5C9B-4666-B89B-B2D121F2FCEB}.Debug|Any CPU.ActiveCfg = Debug|Any CPU
		{6407757B-5C9B-4666-B89B-B2D121F2FCEB}.Debug|Any CPU.Build.0 = Debug|Any CPU
		{6407757B-5C9B-4666-B89B-B2D121F2FCEB}.Release|Any CPU.ActiveCfg = Release|Any CPU
		{6407757B-5C9B-4666-B89B-B2D121F2FCEB}.Release|Any CPU.Build.0 = Release|Any CPU
	EndGlobalSection
	GlobalSection(SolutionProperties) = preSolution
		HideSolutionNode = FALSE
	EndGlobalSection
	GlobalSection(ExtensibilityGlobals) = postSolution
		SolutionGuid = {37BE10C0-E274-4B2A-9332-4C8F0415B390}
	EndGlobalSection
EndGlobal
